
Microsoft Visual Studio Solution File, Format Version 12.00
# Visual Studio Version 16
VisualStudioVersion = 16.0.31624.102
MinimumVisualStudioVersion = 10.0.40219.1
Project("{8BC9CEB8-8B4A-11D0-8D11-00A0C91BC942}") = "aud9", "aud9\aud9.vcxproj", "{B23D46D4-695C-47C8-ADDB-DFB2D98A3D97}"
EndProject
Project("{8BC9CEB8-8B4A-11D0-8D11-00A0C91BC942}") = "aud9.2", "aud9.2\aud9.2.vcxproj", "{A5DFD99F-3983-4B5C-97D8-005D39830FEE}"
EndProject
Project("{8BC9CEB8-8B4A-11D0-8D11-00A0C91BC942}") = "aud9.3", "aud9.3\aud9.3.vcxproj", "{7EB032A7-A4B0-45B3-AA84-5A086406D4D4}"
EndProject
Global
	GlobalSection(SolutionConfigurationPlatforms) = preSolution
		Debug|x64 = Debug|x64
		Debug|x86 = Debug|x86
		Release|x64 = Release|x64
		Release|x86 = Release|x86
	EndGlobalSection
	GlobalSection(ProjectConfigurationPlatforms) = postSolution
		{B23D46D4-695C-47C8-ADDB-DFB2D98A3D97}.Debug|x64.ActiveCfg = Debug|x64
		{B23D46D4-695C-47C8-ADDB-DFB2D98A3D97}.Debug|x64.Build.0 = Debug|x64
		{B23D46D4-695C-47C8-ADDB-DFB2D98A3D97}.Debug|x86.ActiveCfg = Debug|Win32
		{B23D46D4-695C-47C8-ADDB-DFB2D98A3D97}.Debug|x86.Build.0 = Debug|Win32
		{B23D46D4-695C-47C8-ADDB-DFB2D98A3D97}.Release|x64.ActiveCfg = Release|x64
		{B23D46D4-695C-47C8-ADDB-DFB2D98A3D97}.Release|x64.Build.0 = Release|x64
		{B23D46D4-695C-47C8-ADDB-DFB2D98A3D97}.Release|x86.ActiveCfg = Release|Win32
		{B23D46D4-695C-47C8-ADDB-DFB2D98A3D97}.Release|x86.Build.0 = Release|Win32
		{A5DFD99F-3983-4B5C-97D8-005D39830FEE}.Debug|x64.ActiveCfg = Debug|x64
		{A5DFD99F-3983-4B5C-97D8-005D39830FEE}.Debug|x64.Build.0 = Debug|x64
		{A5DFD99F-3983-4B5C-97D8-005D39830FEE}.Debug|x86.ActiveCfg = Debug|Win32
		{A5DFD99F-3983-4B5C-97D8-005D39830FEE}.Debug|x86.Build.0 = Debug|Win32
		{A5DFD99F-3983-4B5C-97D8-005D39830FEE}.Release|x64.ActiveCfg = Release|x64
		{A5DFD99F-3983-4B5C-97D8-005D39830FEE}.Release|x64.Build.0 = Release|x64
		{A5DFD99F-3983-4B5C-97D8-005D39830FEE}.Release|x86.ActiveCfg = Release|Win32
		{A5DFD99F-3983-4B5C-97D8-005D39830FEE}.Release|x86.Build.0 = Release|Win32
		{7EB032A7-A4B0-45B3-AA84-5A086406D4D4}.Debug|x64.ActiveCfg = Debug|x64
		{7EB032A7-A4B0-45B3-AA84-5A086406D4D4}.Debug|x64.Build.0 = Debug|x64
		{7EB032A7-A4B0-45B3-AA84-5A086406D4D4}.Debug|x86.ActiveCfg = Debug|Win32
		{7EB032A7-A4B0-45B3-AA84-5A086406D4D4}.Debug|x86.Build.0 = Debug|Win32
		{7EB032A7-A4B0-45B3-AA84-5A086406D4D4}.Release|x64.ActiveCfg = Release|x64
		{7EB032A7-A4B0-45B3-AA84-5A086406D4D4}.Release|x64.Build.0 = Release|x64
		{7EB032A7-A4B0-45B3-AA84-5A086406D4D4}.Release|x86.ActiveCfg = Release|Win32
		{7EB032A7-A4B0-45B3-AA84-5A086406D4D4}.Release|x86.Build.0 = Release|Win32
	EndGlobalSection
	GlobalSection(SolutionProperties) = preSolution
		HideSolutionNode = FALSE
	EndGlobalSection
	GlobalSection(ExtensibilityGlobals) = postSolution
		SolutionGuid = {065D7C6C-F03A-4B17-B120-4F025F22B028}
	EndGlobalSection
EndGlobal
