
Microsoft Visual Studio Solution File, Format Version 12.00
# Visual Studio Version 16
VisualStudioVersion = 16.0.31829.152
MinimumVisualStudioVersion = 10.0.40219.1
Project("{8BC9CEB8-8B4A-11D0-8D11-00A0C91BC942}") = "paint_1", "paint_1.vcxproj", "{8564AEA7-4C62-4637-96C8-413E8836D244}"
EndProject
Global
	GlobalSection(SolutionConfigurationPlatforms) = preSolution
		Debug|x64 = Debug|x64
		Debug|x86 = Debug|x86
		Release|x64 = Release|x64
		Release|x86 = Release|x86
	EndGlobalSection
	GlobalSection(ProjectConfigurationPlatforms) = postSolution
		{8564AEA7-4C62-4637-96C8-413E8836D244}.Debug|x64.ActiveCfg = Debug|x64
		{8564AEA7-4C62-4637-96C8-413E8836D244}.Debug|x64.Build.0 = Debug|x64
		{8564AEA7-4C62-4637-96C8-413E8836D244}.Debug|x86.ActiveCfg = Debug|Win32
		{8564AEA7-4C62-4637-96C8-413E8836D244}.Debug|x86.Build.0 = Debug|Win32
		{8564AEA7-4C62-4637-96C8-413E8836D244}.Release|x64.ActiveCfg = Release|x64
		{8564AEA7-4C62-4637-96C8-413E8836D244}.Release|x64.Build.0 = Release|x64
		{8564AEA7-4C62-4637-96C8-413E8836D244}.Release|x86.ActiveCfg = Release|Win32
		{8564AEA7-4C62-4637-96C8-413E8836D244}.Release|x86.Build.0 = Release|Win32
	EndGlobalSection
	GlobalSection(SolutionProperties) = preSolution
		HideSolutionNode = FALSE
	EndGlobalSection
	GlobalSection(ExtensibilityGlobals) = postSolution
		SolutionGuid = {4464F52D-48A6-4252-9ED5-6B1F0D43AC9C}
	EndGlobalSection
EndGlobal
