
Microsoft Visual Studio Solution File, Format Version 12.00
# Visual Studio Version 16
VisualStudioVersion = 16.0.31829.152
MinimumVisualStudioVersion = 10.0.40219.1
Project("{8BC9CEB8-8B4A-11D0-8D11-00A0C91BC942}") = "Snake", "Snake\Snake.vcxproj", "{FD9BF1F6-EE8F-4166-AEEA-31CBC6046C0C}"
EndProject
Project("{8BC9CEB8-8B4A-11D0-8D11-00A0C91BC942}") = "test", "test\test.vcxproj", "{0D1B310F-08BE-404D-AB90-A0DD5BBFCA1B}"
EndProject
Global
	GlobalSection(SolutionConfigurationPlatforms) = preSolution
		Debug|x64 = Debug|x64
		Debug|x86 = Debug|x86
		Release|x64 = Release|x64
		Release|x86 = Release|x86
	EndGlobalSection
	GlobalSection(ProjectConfigurationPlatforms) = postSolution
		{FD9BF1F6-EE8F-4166-AEEA-31CBC6046C0C}.Debug|x64.ActiveCfg = Debug|x64
		{FD9BF1F6-EE8F-4166-AEEA-31CBC6046C0C}.Debug|x64.Build.0 = Debug|x64
		{FD9BF1F6-EE8F-4166-AEEA-31CBC6046C0C}.Debug|x86.ActiveCfg = Debug|Win32
		{FD9BF1F6-EE8F-4166-AEEA-31CBC6046C0C}.Debug|x86.Build.0 = Debug|Win32
		{FD9BF1F6-EE8F-4166-AEEA-31CBC6046C0C}.Release|x64.ActiveCfg = Release|x64
		{FD9BF1F6-EE8F-4166-AEEA-31CBC6046C0C}.Release|x64.Build.0 = Release|x64
		{FD9BF1F6-EE8F-4166-AEEA-31CBC6046C0C}.Release|x86.ActiveCfg = Release|Win32
		{FD9BF1F6-EE8F-4166-AEEA-31CBC6046C0C}.Release|x86.Build.0 = Release|Win32
		{0D1B310F-08BE-404D-AB90-A0DD5BBFCA1B}.Debug|x64.ActiveCfg = Debug|x64
		{0D1B310F-08BE-404D-AB90-A0DD5BBFCA1B}.Debug|x64.Build.0 = Debug|x64
		{0D1B310F-08BE-404D-AB90-A0DD5BBFCA1B}.Debug|x86.ActiveCfg = Debug|Win32
		{0D1B310F-08BE-404D-AB90-A0DD5BBFCA1B}.Debug|x86.Build.0 = Debug|Win32
		{0D1B310F-08BE-404D-AB90-A0DD5BBFCA1B}.Release|x64.ActiveCfg = Release|x64
		{0D1B310F-08BE-404D-AB90-A0DD5BBFCA1B}.Release|x64.Build.0 = Release|x64
		{0D1B310F-08BE-404D-AB90-A0DD5BBFCA1B}.Release|x86.ActiveCfg = Release|Win32
		{0D1B310F-08BE-404D-AB90-A0DD5BBFCA1B}.Release|x86.Build.0 = Release|Win32
	EndGlobalSection
	GlobalSection(SolutionProperties) = preSolution
		HideSolutionNode = FALSE
	EndGlobalSection
	GlobalSection(ExtensibilityGlobals) = postSolution
		SolutionGuid = {762222A4-E287-46CC-A37A-B0A368B5B751}
	EndGlobalSection
EndGlobal
