
Microsoft Visual Studio Solution File, Format Version 12.00
# Visual Studio Version 16
VisualStudioVersion = 16.0.31624.102
MinimumVisualStudioVersion = 10.0.40219.1
Project("{8BC9CEB8-8B4A-11D0-8D11-00A0C91BC942}") = "1", "task3\task3.vcxproj", "{771B4DE0-341E-4BA6-9385-6F9B813750CD}"
EndProject
Project("{8BC9CEB8-8B4A-11D0-8D11-00A0C91BC942}") = "2", "2\2.vcxproj", "{571EEE77-25ED-4D17-913A-CEA934C3C59C}"
EndProject
Project("{8BC9CEB8-8B4A-11D0-8D11-00A0C91BC942}") = "Project1", "Project1\Project1.vcxproj", "{F5A20CFC-507B-4914-A1A0-2A93CEF77410}"
EndProject
Global
	GlobalSection(SolutionConfigurationPlatforms) = preSolution
		Debug|x64 = Debug|x64
		Debug|x86 = Debug|x86
		Release|x64 = Release|x64
		Release|x86 = Release|x86
	EndGlobalSection
	GlobalSection(ProjectConfigurationPlatforms) = postSolution
		{771B4DE0-341E-4BA6-9385-6F9B813750CD}.Debug|x64.ActiveCfg = Debug|x64
		{771B4DE0-341E-4BA6-9385-6F9B813750CD}.Debug|x64.Build.0 = Debug|x64
		{771B4DE0-341E-4BA6-9385-6F9B813750CD}.Debug|x86.ActiveCfg = Debug|Win32
		{771B4DE0-341E-4BA6-9385-6F9B813750CD}.Debug|x86.Build.0 = Debug|Win32
		{771B4DE0-341E-4BA6-9385-6F9B813750CD}.Release|x64.ActiveCfg = Release|x64
		{771B4DE0-341E-4BA6-9385-6F9B813750CD}.Release|x64.Build.0 = Release|x64
		{771B4DE0-341E-4BA6-9385-6F9B813750CD}.Release|x86.ActiveCfg = Release|Win32
		{771B4DE0-341E-4BA6-9385-6F9B813750CD}.Release|x86.Build.0 = Release|Win32
		{571EEE77-25ED-4D17-913A-CEA934C3C59C}.Debug|x64.ActiveCfg = Debug|x64
		{571EEE77-25ED-4D17-913A-CEA934C3C59C}.Debug|x64.Build.0 = Debug|x64
		{571EEE77-25ED-4D17-913A-CEA934C3C59C}.Debug|x86.ActiveCfg = Debug|Win32
		{571EEE77-25ED-4D17-913A-CEA934C3C59C}.Debug|x86.Build.0 = Debug|Win32
		{571EEE77-25ED-4D17-913A-CEA934C3C59C}.Release|x64.ActiveCfg = Release|x64
		{571EEE77-25ED-4D17-913A-CEA934C3C59C}.Release|x64.Build.0 = Release|x64
		{571EEE77-25ED-4D17-913A-CEA934C3C59C}.Release|x86.ActiveCfg = Release|Win32
		{571EEE77-25ED-4D17-913A-CEA934C3C59C}.Release|x86.Build.0 = Release|Win32
		{F5A20CFC-507B-4914-A1A0-2A93CEF77410}.Debug|x64.ActiveCfg = Debug|x64
		{F5A20CFC-507B-4914-A1A0-2A93CEF77410}.Debug|x64.Build.0 = Debug|x64
		{F5A20CFC-507B-4914-A1A0-2A93CEF77410}.Debug|x86.ActiveCfg = Debug|Win32
		{F5A20CFC-507B-4914-A1A0-2A93CEF77410}.Debug|x86.Build.0 = Debug|Win32
		{F5A20CFC-507B-4914-A1A0-2A93CEF77410}.Release|x64.ActiveCfg = Release|x64
		{F5A20CFC-507B-4914-A1A0-2A93CEF77410}.Release|x64.Build.0 = Release|x64
		{F5A20CFC-507B-4914-A1A0-2A93CEF77410}.Release|x86.ActiveCfg = Release|Win32
		{F5A20CFC-507B-4914-A1A0-2A93CEF77410}.Release|x86.Build.0 = Release|Win32
	EndGlobalSection
	GlobalSection(SolutionProperties) = preSolution
		HideSolutionNode = FALSE
	EndGlobalSection
	GlobalSection(ExtensibilityGlobals) = postSolution
		SolutionGuid = {C5CBF07C-78A3-4AC7-B27A-35333ACBA62F}
	EndGlobalSection
EndGlobal
