
Microsoft Visual Studio Solution File, Format Version 12.00
# Visual Studio Version 16
VisualStudioVersion = 16.0.31829.152
MinimumVisualStudioVersion = 10.0.40219.1
Project("{8BC9CEB8-8B4A-11D0-8D11-00A0C91BC942}") = "Лабораторная работа 2", "Лабораторная работа 2\Лабораторная работа 2.vcxproj", "{09A66A27-BA69-4E15-98A8-667E022C1C59}"
EndProject
Project("{8BC9CEB8-8B4A-11D0-8D11-00A0C91BC942}") = "Project1", "Project1\Project1.vcxproj", "{9143534F-C044-45A9-8AE5-D9DB47CC17D2}"
EndProject
Project("{8BC9CEB8-8B4A-11D0-8D11-00A0C91BC942}") = "Project2", "Project2\Project2.vcxproj", "{D5F9572C-1EE8-42F7-BFF9-2ECB48D6E978}"
EndProject
Global
	GlobalSection(SolutionConfigurationPlatforms) = preSolution
		Debug|x64 = Debug|x64
		Debug|x86 = Debug|x86
		Release|x64 = Release|x64
		Release|x86 = Release|x86
	EndGlobalSection
	GlobalSection(ProjectConfigurationPlatforms) = postSolution
		{09A66A27-BA69-4E15-98A8-667E022C1C59}.Debug|x64.ActiveCfg = Debug|x64
		{09A66A27-BA69-4E15-98A8-667E022C1C59}.Debug|x64.Build.0 = Debug|x64
		{09A66A27-BA69-4E15-98A8-667E022C1C59}.Debug|x86.ActiveCfg = Debug|Win32
		{09A66A27-BA69-4E15-98A8-667E022C1C59}.Debug|x86.Build.0 = Debug|Win32
		{09A66A27-BA69-4E15-98A8-667E022C1C59}.Release|x64.ActiveCfg = Release|x64
		{09A66A27-BA69-4E15-98A8-667E022C1C59}.Release|x64.Build.0 = Release|x64
		{09A66A27-BA69-4E15-98A8-667E022C1C59}.Release|x86.ActiveCfg = Release|Win32
		{09A66A27-BA69-4E15-98A8-667E022C1C59}.Release|x86.Build.0 = Release|Win32
		{9143534F-C044-45A9-8AE5-D9DB47CC17D2}.Debug|x64.ActiveCfg = Debug|x64
		{9143534F-C044-45A9-8AE5-D9DB47CC17D2}.Debug|x64.Build.0 = Debug|x64
		{9143534F-C044-45A9-8AE5-D9DB47CC17D2}.Debug|x86.ActiveCfg = Debug|Win32
		{9143534F-C044-45A9-8AE5-D9DB47CC17D2}.Debug|x86.Build.0 = Debug|Win32
		{9143534F-C044-45A9-8AE5-D9DB47CC17D2}.Release|x64.ActiveCfg = Release|x64
		{9143534F-C044-45A9-8AE5-D9DB47CC17D2}.Release|x64.Build.0 = Release|x64
		{9143534F-C044-45A9-8AE5-D9DB47CC17D2}.Release|x86.ActiveCfg = Release|Win32
		{9143534F-C044-45A9-8AE5-D9DB47CC17D2}.Release|x86.Build.0 = Release|Win32
		{D5F9572C-1EE8-42F7-BFF9-2ECB48D6E978}.Debug|x64.ActiveCfg = Debug|x64
		{D5F9572C-1EE8-42F7-BFF9-2ECB48D6E978}.Debug|x64.Build.0 = Debug|x64
		{D5F9572C-1EE8-42F7-BFF9-2ECB48D6E978}.Debug|x86.ActiveCfg = Debug|Win32
		{D5F9572C-1EE8-42F7-BFF9-2ECB48D6E978}.Debug|x86.Build.0 = Debug|Win32
		{D5F9572C-1EE8-42F7-BFF9-2ECB48D6E978}.Release|x64.ActiveCfg = Release|x64
		{D5F9572C-1EE8-42F7-BFF9-2ECB48D6E978}.Release|x64.Build.0 = Release|x64
		{D5F9572C-1EE8-42F7-BFF9-2ECB48D6E978}.Release|x86.ActiveCfg = Release|Win32
		{D5F9572C-1EE8-42F7-BFF9-2ECB48D6E978}.Release|x86.Build.0 = Release|Win32
	EndGlobalSection
	GlobalSection(SolutionProperties) = preSolution
		HideSolutionNode = FALSE
	EndGlobalSection
	GlobalSection(ExtensibilityGlobals) = postSolution
		SolutionGuid = {951974CE-BBE2-45AF-9A14-FAAEA9037F18}
	EndGlobalSection
EndGlobal
