
Microsoft Visual Studio Solution File, Format Version 12.00
# Visual Studio Version 16
VisualStudioVersion = 16.0.31829.152
MinimumVisualStudioVersion = 10.0.40219.1
Project("{8BC9CEB8-8B4A-11D0-8D11-00A0C91BC942}") = "aud14.1", "aud14\aud14.vcxproj", "{8BAFB345-ACE0-408C-BCAC-9FC60494BC2A}"
EndProject
Project("{8BC9CEB8-8B4A-11D0-8D11-00A0C91BC942}") = "aud14.4", "aud14.4\aud14.4.vcxproj", "{DB2E54FF-FAA7-44A0-8D00-33C5DD2F6916}"
EndProject
Global
	GlobalSection(SolutionConfigurationPlatforms) = preSolution
		Debug|x64 = Debug|x64
		Debug|x86 = Debug|x86
		Release|x64 = Release|x64
		Release|x86 = Release|x86
	EndGlobalSection
	GlobalSection(ProjectConfigurationPlatforms) = postSolution
		{8BAFB345-ACE0-408C-BCAC-9FC60494BC2A}.Debug|x64.ActiveCfg = Debug|x64
		{8BAFB345-ACE0-408C-BCAC-9FC60494BC2A}.Debug|x64.Build.0 = Debug|x64
		{8BAFB345-ACE0-408C-BCAC-9FC60494BC2A}.Debug|x86.ActiveCfg = Debug|Win32
		{8BAFB345-ACE0-408C-BCAC-9FC60494BC2A}.Debug|x86.Build.0 = Debug|Win32
		{8BAFB345-ACE0-408C-BCAC-9FC60494BC2A}.Release|x64.ActiveCfg = Release|x64
		{8BAFB345-ACE0-408C-BCAC-9FC60494BC2A}.Release|x64.Build.0 = Release|x64
		{8BAFB345-ACE0-408C-BCAC-9FC60494BC2A}.Release|x86.ActiveCfg = Release|Win32
		{8BAFB345-ACE0-408C-BCAC-9FC60494BC2A}.Release|x86.Build.0 = Release|Win32
		{DB2E54FF-FAA7-44A0-8D00-33C5DD2F6916}.Debug|x64.ActiveCfg = Debug|x64
		{DB2E54FF-FAA7-44A0-8D00-33C5DD2F6916}.Debug|x64.Build.0 = Debug|x64
		{DB2E54FF-FAA7-44A0-8D00-33C5DD2F6916}.Debug|x86.ActiveCfg = Debug|Win32
		{DB2E54FF-FAA7-44A0-8D00-33C5DD2F6916}.Debug|x86.Build.0 = Debug|Win32
		{DB2E54FF-FAA7-44A0-8D00-33C5DD2F6916}.Release|x64.ActiveCfg = Release|x64
		{DB2E54FF-FAA7-44A0-8D00-33C5DD2F6916}.Release|x64.Build.0 = Release|x64
		{DB2E54FF-FAA7-44A0-8D00-33C5DD2F6916}.Release|x86.ActiveCfg = Release|Win32
		{DB2E54FF-FAA7-44A0-8D00-33C5DD2F6916}.Release|x86.Build.0 = Release|Win32
	EndGlobalSection
	GlobalSection(SolutionProperties) = preSolution
		HideSolutionNode = FALSE
	EndGlobalSection
	GlobalSection(ExtensibilityGlobals) = postSolution
		SolutionGuid = {A72D152B-7235-4D03-B656-C5C56D9E856C}
	EndGlobalSection
EndGlobal
