
Microsoft Visual Studio Solution File, Format Version 12.00
# Visual Studio Version 16
VisualStudioVersion = 16.0.31624.102
MinimumVisualStudioVersion = 10.0.40219.1
Project("{8BC9CEB8-8B4A-11D0-8D11-00A0C91BC942}") = "aud10.2", "aud10\aud10.vcxproj", "{180E67EF-7461-4BD7-9E91-5ACB5E4239EC}"
EndProject
Project("{8BC9CEB8-8B4A-11D0-8D11-00A0C91BC942}") = "10aud.4", "10aud.4\10aud.4.vcxproj", "{28248E54-8954-474A-BB6C-B68E3C7F0A9B}"
EndProject
Project("{8BC9CEB8-8B4A-11D0-8D11-00A0C91BC942}") = "Project16", "Project16\Project16.vcxproj", "{AE8A415E-99A3-4FCC-91DF-1B1CC35EC5C7}"
EndProject
Global
	GlobalSection(SolutionConfigurationPlatforms) = preSolution
		Debug|x64 = Debug|x64
		Debug|x86 = Debug|x86
		Release|x64 = Release|x64
		Release|x86 = Release|x86
	EndGlobalSection
	GlobalSection(ProjectConfigurationPlatforms) = postSolution
		{180E67EF-7461-4BD7-9E91-5ACB5E4239EC}.Debug|x64.ActiveCfg = Debug|x64
		{180E67EF-7461-4BD7-9E91-5ACB5E4239EC}.Debug|x64.Build.0 = Debug|x64
		{180E67EF-7461-4BD7-9E91-5ACB5E4239EC}.Debug|x86.ActiveCfg = Debug|Win32
		{180E67EF-7461-4BD7-9E91-5ACB5E4239EC}.Debug|x86.Build.0 = Debug|Win32
		{180E67EF-7461-4BD7-9E91-5ACB5E4239EC}.Release|x64.ActiveCfg = Release|x64
		{180E67EF-7461-4BD7-9E91-5ACB5E4239EC}.Release|x64.Build.0 = Release|x64
		{180E67EF-7461-4BD7-9E91-5ACB5E4239EC}.Release|x86.ActiveCfg = Release|Win32
		{180E67EF-7461-4BD7-9E91-5ACB5E4239EC}.Release|x86.Build.0 = Release|Win32
		{28248E54-8954-474A-BB6C-B68E3C7F0A9B}.Debug|x64.ActiveCfg = Debug|x64
		{28248E54-8954-474A-BB6C-B68E3C7F0A9B}.Debug|x64.Build.0 = Debug|x64
		{28248E54-8954-474A-BB6C-B68E3C7F0A9B}.Debug|x86.ActiveCfg = Debug|Win32
		{28248E54-8954-474A-BB6C-B68E3C7F0A9B}.Debug|x86.Build.0 = Debug|Win32
		{28248E54-8954-474A-BB6C-B68E3C7F0A9B}.Release|x64.ActiveCfg = Release|x64
		{28248E54-8954-474A-BB6C-B68E3C7F0A9B}.Release|x64.Build.0 = Release|x64
		{28248E54-8954-474A-BB6C-B68E3C7F0A9B}.Release|x86.ActiveCfg = Release|Win32
		{28248E54-8954-474A-BB6C-B68E3C7F0A9B}.Release|x86.Build.0 = Release|Win32
		{AE8A415E-99A3-4FCC-91DF-1B1CC35EC5C7}.Debug|x64.ActiveCfg = Debug|x64
		{AE8A415E-99A3-4FCC-91DF-1B1CC35EC5C7}.Debug|x64.Build.0 = Debug|x64
		{AE8A415E-99A3-4FCC-91DF-1B1CC35EC5C7}.Debug|x86.ActiveCfg = Debug|Win32
		{AE8A415E-99A3-4FCC-91DF-1B1CC35EC5C7}.Debug|x86.Build.0 = Debug|Win32
		{AE8A415E-99A3-4FCC-91DF-1B1CC35EC5C7}.Release|x64.ActiveCfg = Release|x64
		{AE8A415E-99A3-4FCC-91DF-1B1CC35EC5C7}.Release|x64.Build.0 = Release|x64
		{AE8A415E-99A3-4FCC-91DF-1B1CC35EC5C7}.Release|x86.ActiveCfg = Release|Win32
		{AE8A415E-99A3-4FCC-91DF-1B1CC35EC5C7}.Release|x86.Build.0 = Release|Win32
	EndGlobalSection
	GlobalSection(SolutionProperties) = preSolution
		HideSolutionNode = FALSE
	EndGlobalSection
	GlobalSection(ExtensibilityGlobals) = postSolution
		SolutionGuid = {A37D01BD-9835-4FAE-B54F-6509B94A10BC}
	EndGlobalSection
EndGlobal
